# This file is autogenerated, do not edit; changes may be undone by the next 'dep ensure'.


[[projects]]
  branch = "master"
  digest = "1:6f561a11e048a6b3e76fd7c89288e6b078f299afcd2d38e0f9616807ec541fb2"
  name = "github.com/bitrise-io/go-android"
  packages = [
    "cache",
    "gradle",
  ]
  pruneopts = "UT"
  revision = "a28433b493561a6575fcec699f93f124d22150d1"

[[projects]]
  branch = "master"
  digest = "1:5e4f167418977858782db1d8820e8c2ccd368c8857e0806bcbd07d0bc09e1e38"
  name = "github.com/bitrise-io/go-steputils"
  packages = [
    "cache",
    "stepconf",
    "tools",
  ]
  pruneopts = "UT"
  revision = "f540824d77dfd382ce84fd0ee0a9da2fba1cce0a"

[[projects]]
  branch = "master"
  digest = "1:b209a202ccd9aa7f107e22bc33dbd6e06de12dd6269ae2f466599ad1ca8b07b0"
  name = "github.com/bitrise-io/go-utils"
  packages = [
    "colorstring",
    "command",
    "errorutil",
    "fileutil",
    "log",
    "parseutil",
    "pathutil",
    "pointers",
    "sliceutil",
    "ziputil",
  ]
  pruneopts = "UT"
  revision = "2c67c48e7086cfd8f9a29bfac2cd420d4dd1d2f9"

[[projects]]
  branch = "master"
  digest = "1:39597fa9ece2a865436233a9ce80f148ab6d17237f004742c6b37703d6318960"
  name = "github.com/bitrise-tools/go-android"
  packages = ["gradle"]
  pruneopts = "UT"
  revision = "a28433b493561a6575fcec699f93f124d22150d1"

[[projects]]
  digest = "1:ffe9824d294da03b391f44e1ae8281281b4afc1bdaa9588c9097785e3af10cec"
  name = "github.com/davecgh/go-spew"
  packages = ["spew"]
  pruneopts = "UT"
  revision = "8991bc29aa16c548c550c7ff78260e27b9ab7c73"
  version = "v1.1.1"

[[projects]]
  branch = "master"
  digest = "1:400e113a367b511b9b09ca642ee11d9885485a93838526d697033af334a2fdde"
  name = "github.com/kballard/go-shellquote"
  packages = ["."]
  pruneopts = "UT"
  revision = "95032a82bc518f77982ea72343cc1ade730072f0"

[[projects]]
  digest = "1:0028cb19b2e4c3112225cd871870f2d9cf49b9b4276531f03438a88e94be86fe"
  name = "github.com/pmezard/go-difflib"
  packages = ["difflib"]
  pruneopts = "UT"
  revision = "792786c7400a136282c1664665ae0a8db921c6c2"
  version = "v1.0.0"

[[projects]]
  digest = "1:6baa565fe16f8657cf93469b2b8a6c61a277827734400d27e44d589547297279"
  name = "github.com/ryanuber/go-glob"
  packages = ["."]
  pruneopts = "UT"
  revision = "51a8f68e6c24dc43f1e371749c89a267de4ebc53"
  version = "v1.0.0"

[[projects]]
  digest = "1:99d32780e5238c2621fff621123997c3e3cca96db8be13179013aea77dfab551"
  name = "github.com/stretchr/testify"
  packages = [
    "assert",
    "require",
  ]
  pruneopts = "UT"
  revision = "221dbe5ed46703ee255b1da0dec05086f5035f62"
  version = "v1.4.0"

[[projects]]
  digest = "1:f26a5d382387e03a40d1471dddfba85dfff9bf05352d7e42d37612677c4d3c5c"
  name = "gopkg.in/yaml.v2"
  packages = ["."]
  pruneopts = "UT"
  revision = "f90ceb4f409096b60e2e9076b38b304b8246e5fa"
  version = "v2.2.5"

[solve-meta]
  analyzer-name = "dep"
  analyzer-version = 1
  input-imports = [
    "github.com/bitrise-io/go-android/cache",
    "github.com/bitrise-io/go-android/gradle",
    "github.com/bitrise-io/go-steputils/stepconf",
    "github.com/bitrise-io/go-steputils/tools",
    "github.com/bitrise-io/go-utils/log",
    "github.com/bitrise-io/go-utils/pathutil",
    "github.com/bitrise-io/go-utils/sliceutil",
    "github.com/bitrise-tools/go-android/gradle",
    "github.com/kballard/go-shellquote",
    "github.com/stretchr/testify/require",
  ]
  solver-name = "gps-cdcl"
  solver-version = 1
